// !$*UTF8*$!
{
	archiveVersion = 1;
	classes = {
	};
	objectVersion = 56;
	objects = {

/* Begin PBXBuildFile section */
		2705E6B92CADAB39003E3CE8 /* TransactionDate.swift in Sources */ = {isa = PBXBuildFile; fileRef = 2705E6B82CADAB39003E3CE8 /* TransactionDate.swift */; };
		27F0AA662CADA1150074349A /* TransactionAmount.swift in Sources */ = {isa = PBXBuildFile; fileRef = 27F0AA652CADA1150074349A /* TransactionAmount.swift */; };
		6C124CA12C42A753005FC441 /* TransactionList.swift in Sources */ = {isa = PBXBuildFile; fileRef = 6C124CA02C42A753005FC441 /* TransactionList.swift */; };
		6C124CA42C42AF0B005FC441 /* Collections in Frameworks */ = {isa = PBXBuildFile; productRef = 6C124CA32C42AF0B005FC441 /* Collections */; };
		6C130F542C935C0C006D16A6 /* ChartsScreen.swift in Sources */ = {isa = PBXBuildFile; fileRef = 6C130F532C935C0C006D16A6 /* ChartsScreen.swift */; };
		6C130F562C935C46006D16A6 /* SettingsScreen.swift in Sources */ = {isa = PBXBuildFile; fileRef = 6C130F552C935C46006D16A6 /* SettingsScreen.swift */; };
		6C6791162C934C5E00EAF3CF /* HomeScreen.swift in Sources */ = {isa = PBXBuildFile; fileRef = 6C6791152C934C5E00EAF3CF /* HomeScreen.swift */; };
		6C6DCAEA2C9AF39500BCA138 /* ExpenseMenu.swift in Sources */ = {isa = PBXBuildFile; fileRef = 6C6DCAE92C9AF39500BCA138 /* ExpenseMenu.swift */; };
		6C8593BA2C9328A6006D7DC4 /* ChartsTestScreen.swift in Sources */ = {isa = PBXBuildFile; fileRef = 6C8593B92C9328A6006D7DC4 /* ChartsTestScreen.swift */; };
		6CA2917E2C79FF8A00E27A54 /* TabModel.swift in Sources */ = {isa = PBXBuildFile; fileRef = 6CA2917D2C79FF8900E27A54 /* TabModel.swift */; };
		6CA291802C7A01A200E27A54 /* CustomTabBar.swift in Sources */ = {isa = PBXBuildFile; fileRef = 6CA2917F2C7A01A200E27A54 /* CustomTabBar.swift */; };
		6CBE72F32C2A1BAD00E54C05 /* ExpenseTrackerApp.swift in Sources */ = {isa = PBXBuildFile; fileRef = 6CBE72F22C2A1BAD00E54C05 /* ExpenseTrackerApp.swift */; };
		6CBE72F52C2A1BAD00E54C05 /* ContentView.swift in Sources */ = {isa = PBXBuildFile; fileRef = 6CBE72F42C2A1BAD00E54C05 /* ContentView.swift */; };
		6CBE72F72C2A1BAF00E54C05 /* Assets.xcassets in Resources */ = {isa = PBXBuildFile; fileRef = 6CBE72F62C2A1BAF00E54C05 /* Assets.xcassets */; };
		6CBE72FB2C2A1BAF00E54C05 /* Preview Assets.xcassets in Resources */ = {isa = PBXBuildFile; fileRef = 6CBE72FA2C2A1BAF00E54C05 /* Preview Assets.xcassets */; };
		6CC2AF942C2A23B600774FBE /* Color.swift in Sources */ = {isa = PBXBuildFile; fileRef = 6CC2AF932C2A23B600774FBE /* Color.swift */; };
		6CC2AF982C2A288000774FBE /* Image.swift in Sources */ = {isa = PBXBuildFile; fileRef = 6CC2AF972C2A288000774FBE /* Image.swift */; };
		6CC2AF9B2C2A2CBA00774FBE /* Transaction.swift in Sources */ = {isa = PBXBuildFile; fileRef = 6CC2AF9A2C2A2CBA00774FBE /* Transaction.swift */; };
		6CC2AF9D2C2A2F5600774FBE /* PreviewData.swift in Sources */ = {isa = PBXBuildFile; fileRef = 6CC2AF9C2C2A2F5600774FBE /* PreviewData.swift */; };
		6CC2AFA02C2A30C000774FBE /* TransactionRow.swift in Sources */ = {isa = PBXBuildFile; fileRef = 6CC2AF9F2C2A30C000774FBE /* TransactionRow.swift */; };
		6CC2AFA22C2B66F900774FBE /* DateFormatter.swift in Sources */ = {isa = PBXBuildFile; fileRef = 6CC2AFA12C2B66F900774FBE /* DateFormatter.swift */; };
		6CC2AFA42C2B67EB00774FBE /* String.swift in Sources */ = {isa = PBXBuildFile; fileRef = 6CC2AFA32C2B67EB00774FBE /* String.swift */; };
		6CC2AFA72C2B6CF200774FBE /* SwiftUIFontIcon in Frameworks */ = {isa = PBXBuildFile; productRef = 6CC2AFA62C2B6CF200774FBE /* SwiftUIFontIcon */; };
		6CC2AFAA2C2B6FC900774FBE /* TransactionListViewModel.swift in Sources */ = {isa = PBXBuildFile; fileRef = 6CC2AFA92C2B6FC900774FBE /* TransactionListViewModel.swift */; };
		6CD7D17C2C2EDFDE0081E4CA /* RecentTransactionList.swift in Sources */ = {isa = PBXBuildFile; fileRef = 6CD7D17B2C2EDFDE0081E4CA /* RecentTransactionList.swift */; };
		6CD7D17F2C2F26DA0081E4CA /* Category.swift in Sources */ = {isa = PBXBuildFile; fileRef = 6CD7D17E2C2F26DA0081E4CA /* Category.swift */; };
		6CD845852C42E4C50099F568 /* SwiftUICharts in Frameworks */ = {isa = PBXBuildFile; productRef = 6CD845842C42E4C50099F568 /* SwiftUICharts */; };
		6CD845872C42F5280099F568 /* Double.swift in Sources */ = {isa = PBXBuildFile; fileRef = 6CD845862C42F5280099F568 /* Double.swift */; };
		6CE8C98C2C9C7A8F00D22083 /* CustomPicker.swift in Sources */ = {isa = PBXBuildFile; fileRef = 6CE8C98B2C9C7A8F00D22083 /* CustomPicker.swift */; };
/* End PBXBuildFile section */

/* Begin PBXFileReference section */
		2705E6B82CADAB39003E3CE8 /* TransactionDate.swift */ = {isa = PBXFileReference; lastKnownFileType = sourcecode.swift; path = TransactionDate.swift; sourceTree = "<group>"; };
		27F0AA652CADA1150074349A /* TransactionAmount.swift */ = {isa = PBXFileReference; lastKnownFileType = sourcecode.swift; path = TransactionAmount.swift; sourceTree = "<group>"; };
		6C124CA02C42A753005FC441 /* TransactionList.swift */ = {isa = PBXFileReference; lastKnownFileType = sourcecode.swift; path = TransactionList.swift; sourceTree = "<group>"; };
		6C130F532C935C0C006D16A6 /* ChartsScreen.swift */ = {isa = PBXFileReference; lastKnownFileType = sourcecode.swift; path = ChartsScreen.swift; sourceTree = "<group>"; };
		6C130F552C935C46006D16A6 /* SettingsScreen.swift */ = {isa = PBXFileReference; lastKnownFileType = sourcecode.swift; path = SettingsScreen.swift; sourceTree = "<group>"; };
		6C6791152C934C5E00EAF3CF /* HomeScreen.swift */ = {isa = PBXFileReference; lastKnownFileType = sourcecode.swift; path = HomeScreen.swift; sourceTree = "<group>"; };
		6C6DCAE92C9AF39500BCA138 /* ExpenseMenu.swift */ = {isa = PBXFileReference; lastKnownFileType = sourcecode.swift; path = ExpenseMenu.swift; sourceTree = "<group>"; };
		6C8593B92C9328A6006D7DC4 /* ChartsTestScreen.swift */ = {isa = PBXFileReference; lastKnownFileType = sourcecode.swift; path = ChartsTestScreen.swift; sourceTree = "<group>"; };
		6CA2917D2C79FF8900E27A54 /* TabModel.swift */ = {isa = PBXFileReference; lastKnownFileType = sourcecode.swift; path = TabModel.swift; sourceTree = "<group>"; };
		6CA2917F2C7A01A200E27A54 /* CustomTabBar.swift */ = {isa = PBXFileReference; lastKnownFileType = sourcecode.swift; path = CustomTabBar.swift; sourceTree = "<group>"; };
		6CBE72EF2C2A1BAC00E54C05 /* ExpenseTracker.app */ = {isa = PBXFileReference; explicitFileType = wrapper.application; includeInIndex = 0; path = ExpenseTracker.app; sourceTree = BUILT_PRODUCTS_DIR; };
		6CBE72F22C2A1BAD00E54C05 /* ExpenseTrackerApp.swift */ = {isa = PBXFileReference; lastKnownFileType = sourcecode.swift; path = ExpenseTrackerApp.swift; sourceTree = "<group>"; };
		6CBE72F42C2A1BAD00E54C05 /* ContentView.swift */ = {isa = PBXFileReference; lastKnownFileType = sourcecode.swift; path = ContentView.swift; sourceTree = "<group>"; };
		6CBE72F62C2A1BAF00E54C05 /* Assets.xcassets */ = {isa = PBXFileReference; lastKnownFileType = folder.assetcatalog; path = Assets.xcassets; sourceTree = "<group>"; };
		6CBE72F82C2A1BAF00E54C05 /* ExpenseTracker.entitlements */ = {isa = PBXFileReference; lastKnownFileType = text.plist.entitlements; path = ExpenseTracker.entitlements; sourceTree = "<group>"; };
		6CBE72FA2C2A1BAF00E54C05 /* Preview Assets.xcassets */ = {isa = PBXFileReference; lastKnownFileType = folder.assetcatalog; path = "Preview Assets.xcassets"; sourceTree = "<group>"; };
		6CBE73072C2A1D9B00E54C05 /* Info.plist */ = {isa = PBXFileReference; lastKnownFileType = text.plist.xml; path = Info.plist; sourceTree = "<group>"; };
		6CC2AF932C2A23B600774FBE /* Color.swift */ = {isa = PBXFileReference; lastKnownFileType = sourcecode.swift; path = Color.swift; sourceTree = "<group>"; };
		6CC2AF972C2A288000774FBE /* Image.swift */ = {isa = PBXFileReference; lastKnownFileType = sourcecode.swift; path = Image.swift; sourceTree = "<group>"; };
		6CC2AF9A2C2A2CBA00774FBE /* Transaction.swift */ = {isa = PBXFileReference; lastKnownFileType = sourcecode.swift; path = Transaction.swift; sourceTree = "<group>"; };
		6CC2AF9C2C2A2F5600774FBE /* PreviewData.swift */ = {isa = PBXFileReference; lastKnownFileType = sourcecode.swift; path = PreviewData.swift; sourceTree = "<group>"; };
		6CC2AF9F2C2A30C000774FBE /* TransactionRow.swift */ = {isa = PBXFileReference; lastKnownFileType = sourcecode.swift; path = TransactionRow.swift; sourceTree = "<group>"; };
		6CC2AFA12C2B66F900774FBE /* DateFormatter.swift */ = {isa = PBXFileReference; lastKnownFileType = sourcecode.swift; path = DateFormatter.swift; sourceTree = "<group>"; };
		6CC2AFA32C2B67EB00774FBE /* String.swift */ = {isa = PBXFileReference; lastKnownFileType = sourcecode.swift; path = String.swift; sourceTree = "<group>"; };
		6CC2AFA92C2B6FC900774FBE /* TransactionListViewModel.swift */ = {isa = PBXFileReference; lastKnownFileType = sourcecode.swift; path = TransactionListViewModel.swift; sourceTree = "<group>"; };
		6CD7D17B2C2EDFDE0081E4CA /* RecentTransactionList.swift */ = {isa = PBXFileReference; lastKnownFileType = sourcecode.swift; path = RecentTransactionList.swift; sourceTree = "<group>"; };
		6CD7D17E2C2F26DA0081E4CA /* Category.swift */ = {isa = PBXFileReference; lastKnownFileType = sourcecode.swift; path = Category.swift; sourceTree = "<group>"; };
		6CD845862C42F5280099F568 /* Double.swift */ = {isa = PBXFileReference; lastKnownFileType = sourcecode.swift; path = Double.swift; sourceTree = "<group>"; };
		6CE8C98B2C9C7A8F00D22083 /* CustomPicker.swift */ = {isa = PBXFileReference; lastKnownFileType = sourcecode.swift; path = CustomPicker.swift; sourceTree = "<group>"; };
/* End PBXFileReference section */

/* Begin PBXFrameworksBuildPhase section */
		6CBE72EC2C2A1BAC00E54C05 /* Frameworks */ = {
			isa = PBXFrameworksBuildPhase;
			buildActionMask = 2147483647;
			files = (
				6CD845852C42E4C50099F568 /* SwiftUICharts in Frameworks */,
				6C124CA42C42AF0B005FC441 /* Collections in Frameworks */,
				6CC2AFA72C2B6CF200774FBE /* SwiftUIFontIcon in Frameworks */,
			);
			runOnlyForDeploymentPostprocessing = 0;
		};
/* End PBXFrameworksBuildPhase section */

/* Begin PBXGroup section */
		27F0AA642CADA0B40074349A /* Transaction */ = {
			isa = PBXGroup;
			children = (
				27F0AA652CADA1150074349A /* TransactionAmount.swift */,
				2705E6B82CADAB39003E3CE8 /* TransactionDate.swift */,
			);
			path = Transaction;
			sourceTree = "<group>";
		};
		6C6791142C934C4A00EAF3CF /* Screens */ = {
			isa = PBXGroup;
			children = (
				6C6791152C934C5E00EAF3CF /* HomeScreen.swift */,
				6C130F532C935C0C006D16A6 /* ChartsScreen.swift */,
				6C130F552C935C46006D16A6 /* SettingsScreen.swift */,
			);
			path = Screens;
			sourceTree = "<group>";
		};
		6C6791172C934C7100EAF3CF /* Test */ = {
			isa = PBXGroup;
			children = (
				6C8593B92C9328A6006D7DC4 /* ChartsTestScreen.swift */,
			);
			path = Test;
			sourceTree = "<group>";
		};
		6CA2917C2C79FE6F00E27A54 /* Menu */ = {
			isa = PBXGroup;
			children = (
				27F0AA642CADA0B40074349A /* Transaction */,
				6C6DCAE92C9AF39500BCA138 /* ExpenseMenu.swift */,
				6C6791142C934C4A00EAF3CF /* Screens */,
				6CA2917D2C79FF8900E27A54 /* TabModel.swift */,
			);
			path = Menu;
			sourceTree = "<group>";
		};
		6CBE72E62C2A1BAC00E54C05 = {
			isa = PBXGroup;
			children = (
				6CBE72F12C2A1BAC00E54C05 /* ExpenseTracker */,
				6CBE72F02C2A1BAC00E54C05 /* Products */,
			);
			sourceTree = "<group>";
		};
		6CBE72F02C2A1BAC00E54C05 /* Products */ = {
			isa = PBXGroup;
			children = (
				6CBE72EF2C2A1BAC00E54C05 /* ExpenseTracker.app */,
			);
			name = Products;
			sourceTree = "<group>";
		};
		6CBE72F12C2A1BAC00E54C05 /* ExpenseTracker */ = {
			isa = PBXGroup;
			children = (
				6C6791172C934C7100EAF3CF /* Test */,
				6CBE73012C2A1C2F00E54C05 /* App */,
				6CC2AF992C2A2C9000774FBE /* Model */,
				6CC2AFA82C2B6F8700774FBE /* ViewModel */,
				6CC2AF9E2C2A309E00774FBE /* View */,
				6CC2AF922C2A236B00774FBE /* Extensions */,
				6CBE73062C2A1CA300E54C05 /* Configurations */,
				6CBE72F92C2A1BAF00E54C05 /* Preview Content */,
			);
			path = ExpenseTracker;
			sourceTree = "<group>";
		};
		6CBE72F92C2A1BAF00E54C05 /* Preview Content */ = {
			isa = PBXGroup;
			children = (
				6CBE72FA2C2A1BAF00E54C05 /* Preview Assets.xcassets */,
				6CC2AF9C2C2A2F5600774FBE /* PreviewData.swift */,
			);
			path = "Preview Content";
			sourceTree = "<group>";
		};
		6CBE73012C2A1C2F00E54C05 /* App */ = {
			isa = PBXGroup;
			children = (
				6CBE72F22C2A1BAD00E54C05 /* ExpenseTrackerApp.swift */,
				6CBE72F42C2A1BAD00E54C05 /* ContentView.swift */,
			);
			path = App;
			sourceTree = "<group>";
		};
		6CBE73062C2A1CA300E54C05 /* Configurations */ = {
			isa = PBXGroup;
			children = (
				6CBE73072C2A1D9B00E54C05 /* Info.plist */,
				6CBE72F62C2A1BAF00E54C05 /* Assets.xcassets */,
				6CBE72F82C2A1BAF00E54C05 /* ExpenseTracker.entitlements */,
			);
			path = Configurations;
			sourceTree = "<group>";
		};
		6CC2AF922C2A236B00774FBE /* Extensions */ = {
			isa = PBXGroup;
			children = (
				6CC2AF932C2A23B600774FBE /* Color.swift */,
				6CC2AF972C2A288000774FBE /* Image.swift */,
				6CC2AFA12C2B66F900774FBE /* DateFormatter.swift */,
				6CC2AFA32C2B67EB00774FBE /* String.swift */,
				6CD845862C42F5280099F568 /* Double.swift */,
				6CE8C98B2C9C7A8F00D22083 /* CustomPicker.swift */,
			);
			path = Extensions;
			sourceTree = "<group>";
		};
		6CC2AF992C2A2C9000774FBE /* Model */ = {
			isa = PBXGroup;
			children = (
				6CCDE5822C95AD9B00977CDB /* User */,
				6CA2917C2C79FE6F00E27A54 /* Menu */,
				6CC2AF9A2C2A2CBA00774FBE /* Transaction.swift */,
				6CD7D17E2C2F26DA0081E4CA /* Category.swift */,
				6CA2917F2C7A01A200E27A54 /* CustomTabBar.swift */,
			);
			path = Model;
			sourceTree = "<group>";
		};
		6CC2AF9E2C2A309E00774FBE /* View */ = {
			isa = PBXGroup;
			children = (
				6CC2AF9F2C2A30C000774FBE /* TransactionRow.swift */,
				6CD7D17B2C2EDFDE0081E4CA /* RecentTransactionList.swift */,
			);
			path = View;
			sourceTree = "<group>";
		};
		6CC2AFA82C2B6F8700774FBE /* ViewModel */ = {
			isa = PBXGroup;
			children = (
				6CC2AFA92C2B6FC900774FBE /* TransactionListViewModel.swift */,
				6C124CA02C42A753005FC441 /* TransactionList.swift */,
			);
			path = ViewModel;
			sourceTree = "<group>";
		};
		6CCDE5822C95AD9B00977CDB /* User */ = {
			isa = PBXGroup;
			children = (
			);
			path = User;
			sourceTree = "<group>";
		};
/* End PBXGroup section */

/* Begin PBXNativeTarget section */
		6CBE72EE2C2A1BAC00E54C05 /* ExpenseTracker */ = {
			isa = PBXNativeTarget;
			buildConfigurationList = 6CBE72FE2C2A1BAF00E54C05 /* Build configuration list for PBXNativeTarget "ExpenseTracker" */;
			buildPhases = (
				6CBE72EB2C2A1BAC00E54C05 /* Sources */,
				6CBE72EC2C2A1BAC00E54C05 /* Frameworks */,
				6CBE72ED2C2A1BAC00E54C05 /* Resources */,
			);
			buildRules = (
			);
			dependencies = (
			);
			name = ExpenseTracker;
			packageProductDependencies = (
				6CC2AFA62C2B6CF200774FBE /* SwiftUIFontIcon */,
				6C124CA32C42AF0B005FC441 /* Collections */,
				6CD845842C42E4C50099F568 /* SwiftUICharts */,
			);
			productName = ExpenseTracker;
			productReference = 6CBE72EF2C2A1BAC00E54C05 /* ExpenseTracker.app */;
			productType = "com.apple.product-type.application";
		};
/* End PBXNativeTarget section */

/* Begin PBXProject section */
		6CBE72E72C2A1BAC00E54C05 /* Project object */ = {
			isa = PBXProject;
			attributes = {
				BuildIndependentTargetsInParallel = 1;
				LastSwiftUpdateCheck = 1540;
				LastUpgradeCheck = 1600;
				TargetAttributes = {
					6CBE72EE2C2A1BAC00E54C05 = {
						CreatedOnToolsVersion = 15.4;
					};
				};
			};
			buildConfigurationList = 6CBE72EA2C2A1BAC00E54C05 /* Build configuration list for PBXProject "ExpenseTracker" */;
			compatibilityVersion = "Xcode 14.0";
			developmentRegion = en;
			hasScannedForEncodings = 0;
			knownRegions = (
				en,
				Base,
			);
			mainGroup = 6CBE72E62C2A1BAC00E54C05;
			packageReferences = (
				6CC2AFA52C2B6CF200774FBE /* XCRemoteSwiftPackageReference "SwiftUIFontIcon" */,
				6C124CA22C42AE95005FC441 /* XCRemoteSwiftPackageReference "swift-collections" */,
				6CD845832C42E4C40099F568 /* XCRemoteSwiftPackageReference "ChartView" */,
			);
			productRefGroup = 6CBE72F02C2A1BAC00E54C05 /* Products */;
			projectDirPath = "";
			projectRoot = "";
			targets = (
				6CBE72EE2C2A1BAC00E54C05 /* ExpenseTracker */,
			);
		};
/* End PBXProject section */

/* Begin PBXResourcesBuildPhase section */
		6CBE72ED2C2A1BAC00E54C05 /* Resources */ = {
			isa = PBXResourcesBuildPhase;
			buildActionMask = 2147483647;
			files = (
				6CBE72FB2C2A1BAF00E54C05 /* Preview Assets.xcassets in Resources */,
				6CBE72F72C2A1BAF00E54C05 /* Assets.xcassets in Resources */,
			);
			runOnlyForDeploymentPostprocessing = 0;
		};
/* End PBXResourcesBuildPhase section */

/* Begin PBXSourcesBuildPhase section */
		6CBE72EB2C2A1BAC00E54C05 /* Sources */ = {
			isa = PBXSourcesBuildPhase;
			buildActionMask = 2147483647;
			files = (
				6CC2AFA02C2A30C000774FBE /* TransactionRow.swift in Sources */,
				6C6DCAEA2C9AF39500BCA138 /* ExpenseMenu.swift in Sources */,
				6CA2917E2C79FF8A00E27A54 /* TabModel.swift in Sources */,
				6C124CA12C42A753005FC441 /* TransactionList.swift in Sources */,
				2705E6B92CADAB39003E3CE8 /* TransactionDate.swift in Sources */,
				6CD845872C42F5280099F568 /* Double.swift in Sources */,
				6C8593BA2C9328A6006D7DC4 /* ChartsTestScreen.swift in Sources */,
				6CA291802C7A01A200E27A54 /* CustomTabBar.swift in Sources */,
				6CD7D17C2C2EDFDE0081E4CA /* RecentTransactionList.swift in Sources */,
				6CC2AFA42C2B67EB00774FBE /* String.swift in Sources */,
				6CC2AF9D2C2A2F5600774FBE /* PreviewData.swift in Sources */,
				6CC2AF9B2C2A2CBA00774FBE /* Transaction.swift in Sources */,
				27F0AA662CADA1150074349A /* TransactionAmount.swift in Sources */,
				6CC2AFA22C2B66F900774FBE /* DateFormatter.swift in Sources */,
				6CE8C98C2C9C7A8F00D22083 /* CustomPicker.swift in Sources */,
				6CC2AF982C2A288000774FBE /* Image.swift in Sources */,
				6CC2AFAA2C2B6FC900774FBE /* TransactionListViewModel.swift in Sources */,
				6CC2AF942C2A23B600774FBE /* Color.swift in Sources */,
				6CBE72F52C2A1BAD00E54C05 /* ContentView.swift in Sources */,
				6C6791162C934C5E00EAF3CF /* HomeScreen.swift in Sources */,
				6CBE72F32C2A1BAD00E54C05 /* ExpenseTrackerApp.swift in Sources */,
				6C130F542C935C0C006D16A6 /* ChartsScreen.swift in Sources */,
				6C130F562C935C46006D16A6 /* SettingsScreen.swift in Sources */,
				6CD7D17F2C2F26DA0081E4CA /* Category.swift in Sources */,
			);
			runOnlyForDeploymentPostprocessing = 0;
		};
/* End PBXSourcesBuildPhase section */

/* Begin XCBuildConfiguration section */
		6CBE72FC2C2A1BAF00E54C05 /* Debug */ = {
			isa = XCBuildConfiguration;
			buildSettings = {
				ALWAYS_SEARCH_USER_PATHS = NO;
				ASSETCATALOG_COMPILER_GENERATE_SWIFT_ASSET_SYMBOL_EXTENSIONS = YES;
				CLANG_ANALYZER_NONNULL = YES;
				CLANG_ANALYZER_NUMBER_OBJECT_CONVERSION = YES_AGGRESSIVE;
				CLANG_CXX_LANGUAGE_STANDARD = "gnu++20";
				CLANG_ENABLE_MODULES = YES;
				CLANG_ENABLE_OBJC_ARC = YES;
				CLANG_ENABLE_OBJC_WEAK = YES;
				CLANG_WARN_BLOCK_CAPTURE_AUTORELEASING = YES;
				CLANG_WARN_BOOL_CONVERSION = YES;
				CLANG_WARN_COMMA = YES;
				CLANG_WARN_CONSTANT_CONVERSION = YES;
				CLANG_WARN_DEPRECATED_OBJC_IMPLEMENTATIONS = YES;
				CLANG_WARN_DIRECT_OBJC_ISA_USAGE = YES_ERROR;
				CLANG_WARN_DOCUMENTATION_COMMENTS = YES;
				CLANG_WARN_EMPTY_BODY = YES;
				CLANG_WARN_ENUM_CONVERSION = YES;
				CLANG_WARN_INFINITE_RECURSION = YES;
				CLANG_WARN_INT_CONVERSION = YES;
				CLANG_WARN_NON_LITERAL_NULL_CONVERSION = YES;
				CLANG_WARN_OBJC_IMPLICIT_RETAIN_SELF = YES;
				CLANG_WARN_OBJC_LITERAL_CONVERSION = YES;
				CLANG_WARN_OBJC_ROOT_CLASS = YES_ERROR;
				CLANG_WARN_QUOTED_INCLUDE_IN_FRAMEWORK_HEADER = YES;
				CLANG_WARN_RANGE_LOOP_ANALYSIS = YES;
				CLANG_WARN_STRICT_PROTOTYPES = YES;
				CLANG_WARN_SUSPICIOUS_MOVE = YES;
				CLANG_WARN_UNGUARDED_AVAILABILITY = YES_AGGRESSIVE;
				CLANG_WARN_UNREACHABLE_CODE = YES;
				CLANG_WARN__DUPLICATE_METHOD_MATCH = YES;
				COPY_PHASE_STRIP = NO;
				DEAD_CODE_STRIPPING = YES;
				DEBUG_INFORMATION_FORMAT = dwarf;
				ENABLE_STRICT_OBJC_MSGSEND = YES;
				ENABLE_TESTABILITY = YES;
				ENABLE_USER_SCRIPT_SANDBOXING = YES;
				GCC_C_LANGUAGE_STANDARD = gnu17;
				GCC_DYNAMIC_NO_PIC = NO;
				GCC_NO_COMMON_BLOCKS = YES;
				GCC_OPTIMIZATION_LEVEL = 0;
				GCC_PREPROCESSOR_DEFINITIONS = (
					"DEBUG=1",
					"$(inherited)",
				);
				GCC_WARN_64_TO_32_BIT_CONVERSION = YES;
				GCC_WARN_ABOUT_RETURN_TYPE = YES_ERROR;
				GCC_WARN_UNDECLARED_SELECTOR = YES;
				GCC_WARN_UNINITIALIZED_AUTOS = YES_AGGRESSIVE;
				GCC_WARN_UNUSED_FUNCTION = YES;
				GCC_WARN_UNUSED_VARIABLE = YES;
				IPHONEOS_DEPLOYMENT_TARGET = 17.5;
				LOCALIZATION_PREFERS_STRING_CATALOGS = YES;
				MTL_ENABLE_DEBUG_INFO = INCLUDE_SOURCE;
				MTL_FAST_MATH = YES;
				ONLY_ACTIVE_ARCH = YES;
				SWIFT_ACTIVE_COMPILATION_CONDITIONS = "DEBUG $(inherited)";
				SWIFT_OPTIMIZATION_LEVEL = "-Onone";
			};
			name = Debug;
		};
		6CBE72FD2C2A1BAF00E54C05 /* Release */ = {
			isa = XCBuildConfiguration;
			buildSettings = {
				ALWAYS_SEARCH_USER_PATHS = NO;
				ASSETCATALOG_COMPILER_GENERATE_SWIFT_ASSET_SYMBOL_EXTENSIONS = YES;
				CLANG_ANALYZER_NONNULL = YES;
				CLANG_ANALYZER_NUMBER_OBJECT_CONVERSION = YES_AGGRESSIVE;
				CLANG_CXX_LANGUAGE_STANDARD = "gnu++20";
				CLANG_ENABLE_MODULES = YES;
				CLANG_ENABLE_OBJC_ARC = YES;
				CLANG_ENABLE_OBJC_WEAK = YES;
				CLANG_WARN_BLOCK_CAPTURE_AUTORELEASING = YES;
				CLANG_WARN_BOOL_CONVERSION = YES;
				CLANG_WARN_COMMA = YES;
				CLANG_WARN_CONSTANT_CONVERSION = YES;
				CLANG_WARN_DEPRECATED_OBJC_IMPLEMENTATIONS = YES;
				CLANG_WARN_DIRECT_OBJC_ISA_USAGE = YES_ERROR;
				CLANG_WARN_DOCUMENTATION_COMMENTS = YES;
				CLANG_WARN_EMPTY_BODY = YES;
				CLANG_WARN_ENUM_CONVERSION = YES;
				CLANG_WARN_INFINITE_RECURSION = YES;
				CLANG_WARN_INT_CONVERSION = YES;
				CLANG_WARN_NON_LITERAL_NULL_CONVERSION = YES;
				CLANG_WARN_OBJC_IMPLICIT_RETAIN_SELF = YES;
				CLANG_WARN_OBJC_LITERAL_CONVERSION = YES;
				CLANG_WARN_OBJC_ROOT_CLASS = YES_ERROR;
				CLANG_WARN_QUOTED_INCLUDE_IN_FRAMEWORK_HEADER = YES;
				CLANG_WARN_RANGE_LOOP_ANALYSIS = YES;
				CLANG_WARN_STRICT_PROTOTYPES = YES;
				CLANG_WARN_SUSPICIOUS_MOVE = YES;
				CLANG_WARN_UNGUARDED_AVAILABILITY = YES_AGGRESSIVE;
				CLANG_WARN_UNREACHABLE_CODE = YES;
				CLANG_WARN__DUPLICATE_METHOD_MATCH = YES;
				COPY_PHASE_STRIP = NO;
				DEAD_CODE_STRIPPING = YES;
				DEBUG_INFORMATION_FORMAT = "dwarf-with-dsym";
				ENABLE_NS_ASSERTIONS = NO;
				ENABLE_STRICT_OBJC_MSGSEND = YES;
				ENABLE_USER_SCRIPT_SANDBOXING = YES;
				GCC_C_LANGUAGE_STANDARD = gnu17;
				GCC_NO_COMMON_BLOCKS = YES;
				GCC_WARN_64_TO_32_BIT_CONVERSION = YES;
				GCC_WARN_ABOUT_RETURN_TYPE = YES_ERROR;
				GCC_WARN_UNDECLARED_SELECTOR = YES;
				GCC_WARN_UNINITIALIZED_AUTOS = YES_AGGRESSIVE;
				GCC_WARN_UNUSED_FUNCTION = YES;
				GCC_WARN_UNUSED_VARIABLE = YES;
				IPHONEOS_DEPLOYMENT_TARGET = 17.5;
				LOCALIZATION_PREFERS_STRING_CATALOGS = YES;
				MTL_ENABLE_DEBUG_INFO = NO;
				MTL_FAST_MATH = YES;
				SWIFT_COMPILATION_MODE = wholemodule;
			};
			name = Release;
		};
		6CBE72FF2C2A1BAF00E54C05 /* Debug */ = {
			isa = XCBuildConfiguration;
			buildSettings = {
				ASSETCATALOG_COMPILER_APPICON_NAME = AppIcon;
				ASSETCATALOG_COMPILER_GLOBAL_ACCENT_COLOR_NAME = AccentColor;
				CODE_SIGN_ENTITLEMENTS = ExpenseTracker/Configurations/ExpenseTracker.entitlements;
				CODE_SIGN_STYLE = Automatic;
				CURRENT_PROJECT_VERSION = 1;
				DEAD_CODE_STRIPPING = YES;
				DEVELOPMENT_ASSET_PATHS = "\"ExpenseTracker/Preview Content\"";
				DEVELOPMENT_TEAM = CZ89KDXUJ4;
				ENABLE_HARDENED_RUNTIME = YES;
				ENABLE_PREVIEWS = YES;
				GENERATE_INFOPLIST_FILE = YES;
				INFOPLIST_FILE = ExpenseTracker/Configurations/Info.plist;
				INFOPLIST_KEY_LSApplicationCategoryType = "public.app-category.finance";
				"INFOPLIST_KEY_UIApplicationSceneManifest_Generation[sdk=iphoneos*]" = YES;
				"INFOPLIST_KEY_UIApplicationSceneManifest_Generation[sdk=iphonesimulator*]" = YES;
				"INFOPLIST_KEY_UIApplicationSupportsIndirectInputEvents[sdk=iphoneos*]" = YES;
				"INFOPLIST_KEY_UIApplicationSupportsIndirectInputEvents[sdk=iphonesimulator*]" = YES;
				"INFOPLIST_KEY_UILaunchScreen_Generation[sdk=iphoneos*]" = YES;
				"INFOPLIST_KEY_UILaunchScreen_Generation[sdk=iphonesimulator*]" = YES;
				"INFOPLIST_KEY_UIStatusBarStyle[sdk=iphoneos*]" = UIStatusBarStyleDefault;
				"INFOPLIST_KEY_UIStatusBarStyle[sdk=iphonesimulator*]" = UIStatusBarStyleDefault;
				INFOPLIST_KEY_UISupportedInterfaceOrientations_iPad = "UIInterfaceOrientationPortrait UIInterfaceOrientationPortraitUpsideDown UIInterfaceOrientationLandscapeLeft UIInterfaceOrientationLandscapeRight";
				INFOPLIST_KEY_UISupportedInterfaceOrientations_iPhone = "UIInterfaceOrientationPortrait UIInterfaceOrientationLandscapeLeft UIInterfaceOrientationLandscapeRight";
				IPHONEOS_DEPLOYMENT_TARGET = 17.5;
				LD_RUNPATH_SEARCH_PATHS = "@executable_path/Frameworks";
				"LD_RUNPATH_SEARCH_PATHS[sdk=macosx*]" = "@executable_path/../Frameworks";
				MACOSX_DEPLOYMENT_TARGET = 14.5;
				MARKETING_VERSION = 1.0;
				PRODUCT_BUNDLE_IDENTIFIER = io.asgard.ExpenseTracker;
				PRODUCT_NAME = "$(TARGET_NAME)";
				SDKROOT = auto;
				SUPPORTED_PLATFORMS = "iphoneos iphonesimulator";
				SUPPORTS_MACCATALYST = NO;
				SWIFT_EMIT_LOC_STRINGS = YES;
				SWIFT_VERSION = 5.0;
				TARGETED_DEVICE_FAMILY = "1,2";
			};
			name = Debug;
		};
		6CBE73002C2A1BAF00E54C05 /* Release */ = {
			isa = XCBuildConfiguration;
			buildSettings = {
				ASSETCATALOG_COMPILER_APPICON_NAME = AppIcon;
				ASSETCATALOG_COMPILER_GLOBAL_ACCENT_COLOR_NAME = AccentColor;
				CODE_SIGN_ENTITLEMENTS = ExpenseTracker/Configurations/ExpenseTracker.entitlements;
				CODE_SIGN_STYLE = Automatic;
				CURRENT_PROJECT_VERSION = 1;
				DEAD_CODE_STRIPPING = YES;
				DEVELOPMENT_ASSET_PATHS = "\"ExpenseTracker/Preview Content\"";
				DEVELOPMENT_TEAM = CZ89KDXUJ4;
				ENABLE_HARDENED_RUNTIME = YES;
				ENABLE_PREVIEWS = YES;
				GENERATE_INFOPLIST_FILE = YES;
				INFOPLIST_FILE = ExpenseTracker/Configurations/Info.plist;
				INFOPLIST_KEY_LSApplicationCategoryType = "public.app-category.finance";
				"INFOPLIST_KEY_UIApplicationSceneManifest_Generation[sdk=iphoneos*]" = YES;
				"INFOPLIST_KEY_UIApplicationSceneManifest_Generation[sdk=iphonesimulator*]" = YES;
				"INFOPLIST_KEY_UIApplicationSupportsIndirectInputEvents[sdk=iphoneos*]" = YES;
				"INFOPLIST_KEY_UIApplicationSupportsIndirectInputEvents[sdk=iphonesimulator*]" = YES;
				"INFOPLIST_KEY_UILaunchScreen_Generation[sdk=iphoneos*]" = YES;
				"INFOPLIST_KEY_UILaunchScreen_Generation[sdk=iphonesimulator*]" = YES;
				"INFOPLIST_KEY_UIStatusBarStyle[sdk=iphoneos*]" = UIStatusBarStyleDefault;
				"INFOPLIST_KEY_UIStatusBarStyle[sdk=iphonesimulator*]" = UIStatusBarStyleDefault;
				INFOPLIST_KEY_UISupportedInterfaceOrientations_iPad = "UIInterfaceOrientationPortrait UIInterfaceOrientationPortraitUpsideDown UIInterfaceOrientationLandscapeLeft UIInterfaceOrientationLandscapeRight";
				INFOPLIST_KEY_UISupportedInterfaceOrientations_iPhone = "UIInterfaceOrientationPortrait UIInterfaceOrientationLandscapeLeft UIInterfaceOrientationLandscapeRight";
				IPHONEOS_DEPLOYMENT_TARGET = 17.5;
				LD_RUNPATH_SEARCH_PATHS = "@executable_path/Frameworks";
				"LD_RUNPATH_SEARCH_PATHS[sdk=macosx*]" = "@executable_path/../Frameworks";
				MACOSX_DEPLOYMENT_TARGET = 14.5;
				MARKETING_VERSION = 1.0;
				PRODUCT_BUNDLE_IDENTIFIER = io.asgard.ExpenseTracker;
				PRODUCT_NAME = "$(TARGET_NAME)";
				SDKROOT = auto;
				SUPPORTED_PLATFORMS = "iphoneos iphonesimulator";
				SUPPORTS_MACCATALYST = NO;
				SWIFT_EMIT_LOC_STRINGS = YES;
				SWIFT_VERSION = 5.0;
				TARGETED_DEVICE_FAMILY = "1,2";
			};
			name = Release;
		};
/* End XCBuildConfiguration section */

/* Begin XCConfigurationList section */
		6CBE72EA2C2A1BAC00E54C05 /* Build configuration list for PBXProject "ExpenseTracker" */ = {
			isa = XCConfigurationList;
			buildConfigurations = (
				6CBE72FC2C2A1BAF00E54C05 /* Debug */,
				6CBE72FD2C2A1BAF00E54C05 /* Release */,
			);
			defaultConfigurationIsVisible = 0;
			defaultConfigurationName = Release;
		};
		6CBE72FE2C2A1BAF00E54C05 /* Build configuration list for PBXNativeTarget "ExpenseTracker" */ = {
			isa = XCConfigurationList;
			buildConfigurations = (
				6CBE72FF2C2A1BAF00E54C05 /* Debug */,
				6CBE73002C2A1BAF00E54C05 /* Release */,
			);
			defaultConfigurationIsVisible = 0;
			defaultConfigurationName = Release;
		};
/* End XCConfigurationList section */

/* Begin XCRemoteSwiftPackageReference section */
		6C124CA22C42AE95005FC441 /* XCRemoteSwiftPackageReference "swift-collections" */ = {
			isa = XCRemoteSwiftPackageReference;
			repositoryURL = "https://github.com/apple/swift-collections.git";
			requirement = {
				kind = upToNextMajorVersion;
				minimumVersion = 1.1.2;
			};
		};
		6CC2AFA52C2B6CF200774FBE /* XCRemoteSwiftPackageReference "SwiftUIFontIcon" */ = {
			isa = XCRemoteSwiftPackageReference;
			repositoryURL = "https://github.com/huybuidac/SwiftUIFontIcon";
			requirement = {
				branch = master;
				kind = branch;
			};
		};
		6CD845832C42E4C40099F568 /* XCRemoteSwiftPackageReference "ChartView" */ = {
			isa = XCRemoteSwiftPackageReference;
			repositoryURL = "https://github.com/AppPear/ChartView";
			requirement = {
				kind = exactVersion;
				version = "2.0.0-beta.2";
			};
		};
/* End XCRemoteSwiftPackageReference section */

/* Begin XCSwiftPackageProductDependency section */
		6C124CA32C42AF0B005FC441 /* Collections */ = {
			isa = XCSwiftPackageProductDependency;
			package = 6C124CA22C42AE95005FC441 /* XCRemoteSwiftPackageReference "swift-collections" */;
			productName = Collections;
		};
		6CC2AFA62C2B6CF200774FBE /* SwiftUIFontIcon */ = {
			isa = XCSwiftPackageProductDependency;
			package = 6CC2AFA52C2B6CF200774FBE /* XCRemoteSwiftPackageReference "SwiftUIFontIcon" */;
			productName = SwiftUIFontIcon;
		};
		6CD845842C42E4C50099F568 /* SwiftUICharts */ = {
			isa = XCSwiftPackageProductDependency;
			package = 6CD845832C42E4C40099F568 /* XCRemoteSwiftPackageReference "ChartView" */;
			productName = SwiftUICharts;
		};
/* End XCSwiftPackageProductDependency section */
	};
	rootObject = 6CBE72E72C2A1BAC00E54C05 /* Project object */;
}
